// !$*UTF8*$!
{
	archiveVersion = 1;
	classes = {
	};
	objectVersion = 50;
	objects = {

/* Begin PBXBuildFile section */
		FB4A316B249C1DD500333886 /* AddItemTableViewController.swift in Sources */ = {isa = PBXBuildFile; fileRef = FB4A316A249C1DD500333886 /* AddItemTableViewController.swift */; };
		FB4E1EFA2493F8B700C419BA /* ChecklistItem.swift in Sources */ = {isa = PBXBuildFile; fileRef = FB4E1EF92493F8B700C419BA /* ChecklistItem.swift */; };
		FB4E1EFC2496896300C419BA /* TodoList.swift in Sources */ = {isa = PBXBuildFile; fileRef = FB4E1EFB2496896300C419BA /* TodoList.swift */; };
		FBB5AFAF24919A9B00F90FC5 /* AppDelegate.swift in Sources */ = {isa = PBXBuildFile; fileRef = FBB5AFAE24919A9B00F90FC5 /* AppDelegate.swift */; };
		FBB5AFB124919A9B00F90FC5 /* SceneDelegate.swift in Sources */ = {isa = PBXBuildFile; fileRef = FBB5AFB024919A9B00F90FC5 /* SceneDelegate.swift */; };
		FBB5AFB324919A9B00F90FC5 /* ChecklistViewController.swift in Sources */ = {isa = PBXBuildFile; fileRef = FBB5AFB224919A9B00F90FC5 /* ChecklistViewController.swift */; };
		FBB5AFB624919A9B00F90FC5 /* Main.storyboard in Resources */ = {isa = PBXBuildFile; fileRef = FBB5AFB424919A9B00F90FC5 /* Main.storyboard */; };
		FBB5AFB824919AA100F90FC5 /* Assets.xcassets in Resources */ = {isa = PBXBuildFile; fileRef = FBB5AFB724919AA100F90FC5 /* Assets.xcassets */; };
		FBB5AFBB24919AA100F90FC5 /* LaunchScreen.storyboard in Resources */ = {isa = PBXBuildFile; fileRef = FBB5AFB924919AA100F90FC5 /* LaunchScreen.storyboard */; };
/* End PBXBuildFile section */

/* Begin PBXFileReference section */
		FB4A316A249C1DD500333886 /* AddItemTableViewController.swift */ = {isa = PBXFileReference; lastKnownFileType = sourcecode.swift; path = AddItemTableViewController.swift; sourceTree = "<group>"; };
		FB4E1EF92493F8B700C419BA /* ChecklistItem.swift */ = {isa = PBXFileReference; lastKnownFileType = sourcecode.swift; path = ChecklistItem.swift; sourceTree = "<group>"; };
		FB4E1EFB2496896300C419BA /* TodoList.swift */ = {isa = PBXFileReference; lastKnownFileType = sourcecode.swift; path = TodoList.swift; sourceTree = "<group>"; };
		FBB5AFAB24919A9B00F90FC5 /* Checklist.app */ = {isa = PBXFileReference; explicitFileType = wrapper.application; includeInIndex = 0; path = Checklist.app; sourceTree = BUILT_PRODUCTS_DIR; };
		FBB5AFAE24919A9B00F90FC5 /* AppDelegate.swift */ = {isa = PBXFileReference; lastKnownFileType = sourcecode.swift; path = AppDelegate.swift; sourceTree = "<group>"; };
		FBB5AFB024919A9B00F90FC5 /* SceneDelegate.swift */ = {isa = PBXFileReference; lastKnownFileType = sourcecode.swift; path = SceneDelegate.swift; sourceTree = "<group>"; };
		FBB5AFB224919A9B00F90FC5 /* ChecklistViewController.swift */ = {isa = PBXFileReference; lastKnownFileType = sourcecode.swift; path = ChecklistViewController.swift; sourceTree = "<group>"; };
		FBB5AFB524919A9B00F90FC5 /* Base */ = {isa = PBXFileReference; lastKnownFileType = file.storyboard; name = Base; path = Base.lproj/Main.storyboard; sourceTree = "<group>"; };
		FBB5AFB724919AA100F90FC5 /* Assets.xcassets */ = {isa = PBXFileReference; lastKnownFileType = folder.assetcatalog; path = Assets.xcassets; sourceTree = "<group>"; };
		FBB5AFBA24919AA100F90FC5 /* Base */ = {isa = PBXFileReference; lastKnownFileType = file.storyboard; name = Base; path = Base.lproj/LaunchScreen.storyboard; sourceTree = "<group>"; };
		FBB5AFBC24919AA100F90FC5 /* Info.plist */ = {isa = PBXFileReference; lastKnownFileType = text.plist.xml; path = Info.plist; sourceTree = "<group>"; };
/* End PBXFileReference section */

/* Begin PBXFrameworksBuildPhase section */
		FBB5AFA824919A9B00F90FC5 /* Frameworks */ = {
			isa = PBXFrameworksBuildPhase;
			buildActionMask = 2147483647;
			files = (
			);
			runOnlyForDeploymentPostprocessing = 0;
		};
/* End PBXFrameworksBuildPhase section */

/* Begin PBXGroup section */
		FBB5AFA224919A9B00F90FC5 = {
			isa = PBXGroup;
			children = (
				FBB5AFAD24919A9B00F90FC5 /* Checklist */,
				FBB5AFAC24919A9B00F90FC5 /* Products */,
			);
			sourceTree = "<group>";
		};
		FBB5AFAC24919A9B00F90FC5 /* Products */ = {
			isa = PBXGroup;
			children = (
				FBB5AFAB24919A9B00F90FC5 /* Checklist.app */,
			);
			name = Products;
			sourceTree = "<group>";
		};
		FBB5AFAD24919A9B00F90FC5 /* Checklist */ = {
			isa = PBXGroup;
			children = (
				FBB5AFAE24919A9B00F90FC5 /* AppDelegate.swift */,
				FBB5AFB024919A9B00F90FC5 /* SceneDelegate.swift */,
				FBB5AFB224919A9B00F90FC5 /* ChecklistViewController.swift */,
				FBB5AFB424919A9B00F90FC5 /* Main.storyboard */,
				FBB5AFB724919AA100F90FC5 /* Assets.xcassets */,
				FBB5AFB924919AA100F90FC5 /* LaunchScreen.storyboard */,
				FBB5AFBC24919AA100F90FC5 /* Info.plist */,
				FB4E1EF92493F8B700C419BA /* ChecklistItem.swift */,
				FB4E1EFB2496896300C419BA /* TodoList.swift */,
				FB4A316A249C1DD500333886 /* AddItemTableViewController.swift */,
			);
			path = Checklist;
			sourceTree = "<group>";
		};
/* End PBXGroup section */

/* Begin PBXNativeTarget section */
		FBB5AFAA24919A9B00F90FC5 /* Checklist */ = {
			isa = PBXNativeTarget;
			buildConfigurationList = FBB5AFBF24919AA100F90FC5 /* Build configuration list for PBXNativeTarget "Checklist" */;
			buildPhases = (
				FBB5AFA724919A9B00F90FC5 /* Sources */,
				FBB5AFA824919A9B00F90FC5 /* Frameworks */,
				FBB5AFA924919A9B00F90FC5 /* Resources */,
			);
			buildRules = (
			);
			dependencies = (
			);
			name = Checklist;
			productName = Checklist;
			productReference = FBB5AFAB24919A9B00F90FC5 /* Checklist.app */;
			productType = "com.apple.product-type.application";
		};
/* End PBXNativeTarget section */

/* Begin PBXProject section */
		FBB5AFA324919A9B00F90FC5 /* Project object */ = {
			isa = PBXProject;
			attributes = {
				LastSwiftUpdateCheck = 1120;
				LastUpgradeCheck = 1120;
				ORGANIZATIONNAME = "Deniz Cengiz";
				TargetAttributes = {
					FBB5AFAA24919A9B00F90FC5 = {
						CreatedOnToolsVersion = 11.2;
					};
				};
			};
			buildConfigurationList = FBB5AFA624919A9B00F90FC5 /* Build configuration list for PBXProject "Checklist" */;
			compatibilityVersion = "Xcode 9.3";
			developmentRegion = en;
			hasScannedForEncodings = 0;
			knownRegions = (
				en,
				Base,
			);
			mainGroup = FBB5AFA224919A9B00F90FC5;
			productRefGroup = FBB5AFAC24919A9B00F90FC5 /* Products */;
			projectDirPath = "";
			projectRoot = "";
			targets = (
				FBB5AFAA24919A9B00F90FC5 /* Checklist */,
			);
		};
/* End PBXProject section */

/* Begin PBXResourcesBuildPhase section */
		FBB5AFA924919A9B00F90FC5 /* Resources */ = {
			isa = PBXResourcesBuildPhase;
			buildActionMask = 2147483647;
			files = (
				FBB5AFBB24919AA100F90FC5 /* LaunchScreen.storyboard in Resources */,
				FBB5AFB824919AA100F90FC5 /* Assets.xcassets in Resources */,
				FBB5AFB624919A9B00F90FC5 /* Main.storyboard in Resources */,
			);
			runOnlyForDeploymentPostprocessing = 0;
		};
/* End PBXResourcesBuildPhase section */

/* Begin PBXSourcesBuildPhase section */
		FBB5AFA724919A9B00F90FC5 /* Sources */ = {
			isa = PBXSourcesBuildPhase;
			buildActionMask = 2147483647;
			files = (
				FB4E1EFC2496896300C419BA /* TodoList.swift in Sources */,
				FBB5AFB324919A9B00F90FC5 /* ChecklistViewController.swift in Sources */,
				FB4A316B249C1DD500333886 /* AddItemTableViewController.swift in Sources */,
				FBB5AFAF24919A9B00F90FC5 /* AppDelegate.swift in Sources */,
				FBB5AFB124919A9B00F90FC5 /* SceneDelegate.swift in Sources */,
				FB4E1EFA2493F8B700C419BA /* ChecklistItem.swift in Sources */,
			);
			runOnlyForDeploymentPostprocessing = 0;
		};
/* End PBXSourcesBuildPhase section */

/* Begin PBXVariantGroup section */
		FBB5AFB424919A9B00F90FC5 /* Main.storyboard */ = {
			isa = PBXVariantGroup;
			children = (
				FBB5AFB524919A9B00F90FC5 /* Base */,
			);
			name = Main.storyboard;
			sourceTree = "<group>";
		};
		FBB5AFB924919AA100F90FC5 /* LaunchScreen.storyboard */ = {
			isa = PBXVariantGroup;
			children = (
				FBB5AFBA24919AA100F90FC5 /* Base */,
			);
			name = LaunchScreen.storyboard;
			sourceTree = "<group>";
		};
/* End PBXVariantGroup section */

/* Begin XCBuildConfiguration section */
		FBB5AFBD24919AA100F90FC5 /* Debug */ = {
			isa = XCBuildConfiguration;
			buildSettings = {
				ALWAYS_SEARCH_USER_PATHS = NO;
				CLANG_ANALYZER_NONNULL = YES;
				CLANG_ANALYZER_NUMBER_OBJECT_CONVERSION = YES_AGGRESSIVE;
				CLANG_CXX_LANGUAGE_STANDARD = "gnu++14";
				CLANG_CXX_LIBRARY = "libc++";
				CLANG_ENABLE_MODULES = YES;
				CLANG_ENABLE_OBJC_ARC = YES;
				CLANG_ENABLE_OBJC_WEAK = YES;
				CLANG_WARN_BLOCK_CAPTURE_AUTORELEASING = YES;
				CLANG_WARN_BOOL_CONVERSION = YES;
				CLANG_WARN_COMMA = YES;
				CLANG_WARN_CONSTANT_CONVERSION = YES;
				CLANG_WARN_DEPRECATED_OBJC_IMPLEMENTATIONS = YES;
				CLANG_WARN_DIRECT_OBJC_ISA_USAGE = YES_ERROR;
				CLANG_WARN_DOCUMENTATION_COMMENTS = YES;
				CLANG_WARN_EMPTY_BODY = YES;
				CLANG_WARN_ENUM_CONVERSION = YES;
				CLANG_WARN_INFINITE_RECURSION = YES;
				CLANG_WARN_INT_CONVERSION = YES;
				CLANG_WARN_NON_LITERAL_NULL_CONVERSION = YES;
				CLANG_WARN_OBJC_IMPLICIT_RETAIN_SELF = YES;
				CLANG_WARN_OBJC_LITERAL_CONVERSION = YES;
				CLANG_WARN_OBJC_ROOT_CLASS = YES_ERROR;
				CLANG_WARN_RANGE_LOOP_ANALYSIS = YES;
				CLANG_WARN_STRICT_PROTOTYPES = YES;
				CLANG_WARN_SUSPICIOUS_MOVE = YES;
				CLANG_WARN_UNGUARDED_AVAILABILITY = YES_AGGRESSIVE;
				CLANG_WARN_UNREACHABLE_CODE = YES;
				CLANG_WARN__DUPLICATE_METHOD_MATCH = YES;
				COPY_PHASE_STRIP = NO;
				DEBUG_INFORMATION_FORMAT = dwarf;
				ENABLE_STRICT_OBJC_MSGSEND = YES;
				ENABLE_TESTABILITY = YES;
				GCC_C_LANGUAGE_STANDARD = gnu11;
				GCC_DYNAMIC_NO_PIC = NO;
				GCC_NO_COMMON_BLOCKS = YES;
				GCC_OPTIMIZATION_LEVEL = 0;
				GCC_PREPROCESSOR_DEFINITIONS = (
					"DEBUG=1",
					"$(inherited)",
				);
				GCC_WARN_64_TO_32_BIT_CONVERSION = YES;
				GCC_WARN_ABOUT_RETURN_TYPE = YES_ERROR;
				GCC_WARN_UNDECLARED_SELECTOR = YES;
				GCC_WARN_UNINITIALIZED_AUTOS = YES_AGGRESSIVE;
				GCC_WARN_UNUSED_FUNCTION = YES;
				GCC_WARN_UNUSED_VARIABLE = YES;
				IPHONEOS_DEPLOYMENT_TARGET = 13.2;
				MTL_ENABLE_DEBUG_INFO = INCLUDE_SOURCE;
				MTL_FAST_MATH = YES;
				ONLY_ACTIVE_ARCH = YES;
				SDKROOT = iphoneos;
				SWIFT_ACTIVE_COMPILATION_CONDITIONS = DEBUG;
				SWIFT_OPTIMIZATION_LEVEL = "-Onone";
			};
			name = Debug;
		};
		FBB5AFBE24919AA100F90FC5 /* Release */ = {
			isa = XCBuildConfiguration;
			buildSettings = {
				ALWAYS_SEARCH_USER_PATHS = NO;
				CLANG_ANALYZER_NONNULL = YES;
				CLANG_ANALYZER_NUMBER_OBJECT_CONVERSION = YES_AGGRESSIVE;
				CLANG_CXX_LANGUAGE_STANDARD = "gnu++14";
				CLANG_CXX_LIBRARY = "libc++";
				CLANG_ENABLE_MODULES = YES;
				CLANG_ENABLE_OBJC_ARC = YES;
				CLANG_ENABLE_OBJC_WEAK = YES;
				CLANG_WARN_BLOCK_CAPTURE_AUTORELEASING = YES;
				CLANG_WARN_BOOL_CONVERSION = YES;
				CLANG_WARN_COMMA = YES;
				CLANG_WARN_CONSTANT_CONVERSION = YES;
				CLANG_WARN_DEPRECATED_OBJC_IMPLEMENTATIONS = YES;
				CLANG_WARN_DIRECT_OBJC_ISA_USAGE = YES_ERROR;
				CLANG_WARN_DOCUMENTATION_COMMENTS = YES;
				CLANG_WARN_EMPTY_BODY = YES;
				CLANG_WARN_ENUM_CONVERSION = YES;
				CLANG_WARN_INFINITE_RECURSION = YES;
				CLANG_WARN_INT_CONVERSION = YES;
				CLANG_WARN_NON_LITERAL_NULL_CONVERSION = YES;
				CLANG_WARN_OBJC_IMPLICIT_RETAIN_SELF = YES;
				CLANG_WARN_OBJC_LITERAL_CONVERSION = YES;
				CLANG_WARN_OBJC_ROOT_CLASS = YES_ERROR;
				CLANG_WARN_RANGE_LOOP_ANALYSIS = YES;
				CLANG_WARN_STRICT_PROTOTYPES = YES;
				CLANG_WARN_SUSPICIOUS_MOVE = YES;
				CLANG_WARN_UNGUARDED_AVAILABILITY = YES_AGGRESSIVE;
				CLANG_WARN_UNREACHABLE_CODE = YES;
				CLANG_WARN__DUPLICATE_METHOD_MATCH = YES;
				COPY_PHASE_STRIP = NO;
				DEBUG_INFORMATION_FORMAT = "dwarf-with-dsym";
				ENABLE_NS_ASSERTIONS = NO;
				ENABLE_STRICT_OBJC_MSGSEND = YES;
				GCC_C_LANGUAGE_STANDARD = gnu11;
				GCC_NO_COMMON_BLOCKS = YES;
				GCC_WARN_64_TO_32_BIT_CONVERSION = YES;
				GCC_WARN_ABOUT_RETURN_TYPE = YES_ERROR;
				GCC_WARN_UNDECLARED_SELECTOR = YES;
				GCC_WARN_UNINITIALIZED_AUTOS = YES_AGGRESSIVE;
				GCC_WARN_UNUSED_FUNCTION = YES;
				GCC_WARN_UNUSED_VARIABLE = YES;
				IPHONEOS_DEPLOYMENT_TARGET = 13.2;
				MTL_ENABLE_DEBUG_INFO = NO;
				MTL_FAST_MATH = YES;
				SDKROOT = iphoneos;
				SWIFT_COMPILATION_MODE = wholemodule;
				SWIFT_OPTIMIZATION_LEVEL = "-O";
				VALIDATE_PRODUCT = YES;
			};
			name = Release;
		};
		FBB5AFC024919AA100F90FC5 /* Debug */ = {
			isa = XCBuildConfiguration;
			buildSettings = {
				ASSETCATALOG_COMPILER_APPICON_NAME = AppIcon;
				CODE_SIGN_STYLE = Automatic;
				INFOPLIST_FILE = Checklist/Info.plist;
				LD_RUNPATH_SEARCH_PATHS = (
					"$(inherited)",
					"@executable_path/Frameworks",
				);
				PRODUCT_BUNDLE_IDENTIFIER = com.denizcengiz.Checklist;
				PRODUCT_NAME = "$(TARGET_NAME)";
				SWIFT_VERSION = 5.0;
				TARGETED_DEVICE_FAMILY = "1,2";
			};
			name = Debug;
		};
		FBB5AFC124919AA100F90FC5 /* Release */ = {
			isa = XCBuildConfiguration;
			buildSettings = {
				ASSETCATALOG_COMPILER_APPICON_NAME = AppIcon;
				CODE_SIGN_STYLE = Automatic;
				INFOPLIST_FILE = Checklist/Info.plist;
				LD_RUNPATH_SEARCH_PATHS = (
					"$(inherited)",
					"@executable_path/Frameworks",
				);
				PRODUCT_BUNDLE_IDENTIFIER = com.denizcengiz.Checklist;
				PRODUCT_NAME = "$(TARGET_NAME)";
				SWIFT_VERSION = 5.0;
				TARGETED_DEVICE_FAMILY = "1,2";
			};
			name = Release;
		};
/* End XCBuildConfiguration section */

/* Begin XCConfigurationList section */
		FBB5AFA624919A9B00F90FC5 /* Build configuration list for PBXProject "Checklist" */ = {
			isa = XCConfigurationList;
			buildConfigurations = (
				FBB5AFBD24919AA100F90FC5 /* Debug */,
				FBB5AFBE24919AA100F90FC5 /* Release */,
			);
			defaultConfigurationIsVisible = 0;
			defaultConfigurationName = Release;
		};
		FBB5AFBF24919AA100F90FC5 /* Build configuration list for PBXNativeTarget "Checklist" */ = {
			isa = XCConfigurationList;
			buildConfigurations = (
				FBB5AFC024919AA100F90FC5 /* Debug */,
				FBB5AFC124919AA100F90FC5 /* Release */,
			);
			defaultConfigurationIsVisible = 0;
			defaultConfigurationName = Release;
		};
/* End XCConfigurationList section */
	};
	rootObject = FBB5AFA324919A9B00F90FC5 /* Project object */;
}
